// !$*UTF8*$!
{
	archiveVersion = 1;
	classes = {
	};
	objectVersion = 48;
	objects = {

/* Begin PBXBuildFile section */
		411572B49F336FE6434D50BB /* Pods_Smack.framework in Frameworks */ = {isa = PBXBuildFile; fileRef = 555EFBFBCA0DAF3F905AAB53 /* Pods_Smack.framework */; };
		B80AC4691FB73DD3002C3CC7 /* CircleImage.swift in Sources */ = {isa = PBXBuildFile; fileRef = B80AC4681FB73DD3002C3CC7 /* CircleImage.swift */; };
		B818E6B01FA745000056F470 /* SWRevealViewController.m in Sources */ = {isa = PBXBuildFile; fileRef = B818E6AE1FA745000056F470 /* SWRevealViewController.m */; };
		B818E6B51FA748B60056F470 /* ChatVC.swift in Sources */ = {isa = PBXBuildFile; fileRef = B818E6B41FA748B60056F470 /* ChatVC.swift */; };
		B818E6B71FA748CA0056F470 /* ChannelVC.swift in Sources */ = {isa = PBXBuildFile; fileRef = B818E6B61FA748CA0056F470 /* ChannelVC.swift */; };
		B8276DC41FA755EA00A76183 /* GradientView.swift in Sources */ = {isa = PBXBuildFile; fileRef = B8276DC31FA755EA00A76183 /* GradientView.swift */; };
		B83E3CDE1FBDC40500B20927 /* Message.swift in Sources */ = {isa = PBXBuildFile; fileRef = B83E3CDD1FBDC40500B20927 /* Message.swift */; };
		B83E3CE01FBDD7AA00B20927 /* KeyboardBoundView.swift in Sources */ = {isa = PBXBuildFile; fileRef = B83E3CDF1FBDD7AA00B20927 /* KeyboardBoundView.swift */; };
		B8590F051FA8739200D02ED1 /* Constants.swift in Sources */ = {isa = PBXBuildFile; fileRef = B8590F041FA8739200D02ED1 /* Constants.swift */; };
		B8590F071FA877DD00D02ED1 /* LoginVC.swift in Sources */ = {isa = PBXBuildFile; fileRef = B8590F061FA877DD00D02ED1 /* LoginVC.swift */; };
		B8590F091FA879B100D02ED1 /* CreateAccountVC.swift in Sources */ = {isa = PBXBuildFile; fileRef = B8590F081FA879B100D02ED1 /* CreateAccountVC.swift */; };
		B86845B71FA732E600C395D2 /* AppDelegate.swift in Sources */ = {isa = PBXBuildFile; fileRef = B86845B61FA732E600C395D2 /* AppDelegate.swift */; };
		B86845BC1FA732E600C395D2 /* Main.storyboard in Resources */ = {isa = PBXBuildFile; fileRef = B86845BA1FA732E600C395D2 /* Main.storyboard */; };
		B86845BE1FA732E600C395D2 /* Assets.xcassets in Resources */ = {isa = PBXBuildFile; fileRef = B86845BD1FA732E600C395D2 /* Assets.xcassets */; };
		B86845C11FA732E600C395D2 /* LaunchScreen.storyboard in Resources */ = {isa = PBXBuildFile; fileRef = B86845BF1FA732E600C395D2 /* LaunchScreen.storyboard */; };
		B875A2481FB612DE00718ECF /* RoundedButton.swift in Sources */ = {isa = PBXBuildFile; fileRef = B875A2471FB612DE00718ECF /* RoundedButton.swift */; };
		B888D6581FB8474400605B12 /* ProfileVC.swift in Sources */ = {isa = PBXBuildFile; fileRef = B888D6561FB8474400605B12 /* ProfileVC.swift */; };
		B888D6591FB8474400605B12 /* ProfileVC.xib in Resources */ = {isa = PBXBuildFile; fileRef = B888D6571FB8474400605B12 /* ProfileVC.xib */; };
		B88A0BA21FB9B26D0022F46E /* ChannelCell.swift in Sources */ = {isa = PBXBuildFile; fileRef = B88A0BA11FB9B26D0022F46E /* ChannelCell.swift */; };
		B88A0BA51FB9C8520022F46E /* AddChannelVC.swift in Sources */ = {isa = PBXBuildFile; fileRef = B88A0BA31FB9C8520022F46E /* AddChannelVC.swift */; };
		B88A0BA61FB9C8520022F46E /* AddChannelVC.xib in Resources */ = {isa = PBXBuildFile; fileRef = B88A0BA41FB9C8520022F46E /* AddChannelVC.xib */; };
		B88A0BA81FB9D27E0022F46E /* SocketService.swift in Sources */ = {isa = PBXBuildFile; fileRef = B88A0BA71FB9D27E0022F46E /* SocketService.swift */; };
		B891BD661FB8C95400F8DB5E /* MessageService.swift in Sources */ = {isa = PBXBuildFile; fileRef = B891BD651FB8C95400F8DB5E /* MessageService.swift */; };
		B891BD681FB8CA2000F8DB5E /* Channel.swift in Sources */ = {isa = PBXBuildFile; fileRef = B891BD671FB8CA2000F8DB5E /* Channel.swift */; };
		B89704AB1FB4C8EB001589FA /* AuthServices.swift in Sources */ = {isa = PBXBuildFile; fileRef = B89704AA1FB4C8EB001589FA /* AuthServices.swift */; };
		B8EB6A161FB6FA4900ED166C /* UserDataService.swift in Sources */ = {isa = PBXBuildFile; fileRef = B8EB6A151FB6FA4900ED166C /* UserDataService.swift */; };
		B8EB6A181FB7117100ED166C /* AvatarPickerVC.swift in Sources */ = {isa = PBXBuildFile; fileRef = B8EB6A171FB7117100ED166C /* AvatarPickerVC.swift */; };
		B8EB6A1A1FB7162300ED166C /* AvatarCell.swift in Sources */ = {isa = PBXBuildFile; fileRef = B8EB6A191FB7162300ED166C /* AvatarCell.swift */; };
/* End PBXBuildFile section */

/* Begin PBXFileReference section */
		555EFBFBCA0DAF3F905AAB53 /* Pods_Smack.framework */ = {isa = PBXFileReference; explicitFileType = wrapper.framework; includeInIndex = 0; path = Pods_Smack.framework; sourceTree = BUILT_PRODUCTS_DIR; };
		B80AC4681FB73DD3002C3CC7 /* CircleImage.swift */ = {isa = PBXFileReference; lastKnownFileType = sourcecode.swift; path = CircleImage.swift; sourceTree = "<group>"; };
		B818E6AD1FA744FF0056F470 /* Smack-Bridging-Header.h */ = {isa = PBXFileReference; lastKnownFileType = sourcecode.c.h; path = "Smack-Bridging-Header.h"; sourceTree = "<group>"; };
		B818E6AE1FA745000056F470 /* SWRevealViewController.m */ = {isa = PBXFileReference; fileEncoding = 4; lastKnownFileType = sourcecode.c.objc; path = SWRevealViewController.m; sourceTree = "<group>"; };
		B818E6AF1FA745000056F470 /* SWRevealViewController.h */ = {isa = PBXFileReference; fileEncoding = 4; lastKnownFileType = sourcecode.c.h; path = SWRevealViewController.h; sourceTree = "<group>"; };
		B818E6B41FA748B60056F470 /* ChatVC.swift */ = {isa = PBXFileReference; lastKnownFileType = sourcecode.swift; path = ChatVC.swift; sourceTree = "<group>"; };
		B818E6B61FA748CA0056F470 /* ChannelVC.swift */ = {isa = PBXFileReference; lastKnownFileType = sourcecode.swift; path = ChannelVC.swift; sourceTree = "<group>"; };
		B8276DC31FA755EA00A76183 /* GradientView.swift */ = {isa = PBXFileReference; lastKnownFileType = sourcecode.swift; path = GradientView.swift; sourceTree = "<group>"; };
		B83E3CDD1FBDC40500B20927 /* Message.swift */ = {isa = PBXFileReference; lastKnownFileType = sourcecode.swift; path = Message.swift; sourceTree = "<group>"; };
		B83E3CDF1FBDD7AA00B20927 /* KeyboardBoundView.swift */ = {isa = PBXFileReference; fileEncoding = 4; lastKnownFileType = sourcecode.swift; path = KeyboardBoundView.swift; sourceTree = "<group>"; };
		B8590F041FA8739200D02ED1 /* Constants.swift */ = {isa = PBXFileReference; lastKnownFileType = sourcecode.swift; path = Constants.swift; sourceTree = "<group>"; };
		B8590F061FA877DD00D02ED1 /* LoginVC.swift */ = {isa = PBXFileReference; lastKnownFileType = sourcecode.swift; path = LoginVC.swift; sourceTree = "<group>"; };
		B8590F081FA879B100D02ED1 /* CreateAccountVC.swift */ = {isa = PBXFileReference; lastKnownFileType = sourcecode.swift; path = CreateAccountVC.swift; sourceTree = "<group>"; };
		B86845B31FA732E600C395D2 /* Smack.app */ = {isa = PBXFileReference; explicitFileType = wrapper.application; includeInIndex = 0; path = Smack.app; sourceTree = BUILT_PRODUCTS_DIR; };
		B86845B61FA732E600C395D2 /* AppDelegate.swift */ = {isa = PBXFileReference; lastKnownFileType = sourcecode.swift; path = AppDelegate.swift; sourceTree = "<group>"; };
		B86845BB1FA732E600C395D2 /* Base */ = {isa = PBXFileReference; lastKnownFileType = file.storyboard; name = Base; path = Base.lproj/Main.storyboard; sourceTree = "<group>"; };
		B86845BD1FA732E600C395D2 /* Assets.xcassets */ = {isa = PBXFileReference; lastKnownFileType = folder.assetcatalog; path = Assets.xcassets; sourceTree = "<group>"; };
		B86845C01FA732E600C395D2 /* Base */ = {isa = PBXFileReference; lastKnownFileType = file.storyboard; name = Base; path = Base.lproj/LaunchScreen.storyboard; sourceTree = "<group>"; };
		B86845C21FA732E600C395D2 /* Info.plist */ = {isa = PBXFileReference; lastKnownFileType = text.plist.xml; path = Info.plist; sourceTree = "<group>"; };
		B875A2471FB612DE00718ECF /* RoundedButton.swift */ = {isa = PBXFileReference; lastKnownFileType = sourcecode.swift; path = RoundedButton.swift; sourceTree = "<group>"; };
		B888D6561FB8474400605B12 /* ProfileVC.swift */ = {isa = PBXFileReference; lastKnownFileType = sourcecode.swift; path = ProfileVC.swift; sourceTree = "<group>"; };
		B888D6571FB8474400605B12 /* ProfileVC.xib */ = {isa = PBXFileReference; lastKnownFileType = file.xib; path = ProfileVC.xib; sourceTree = "<group>"; };
		B88A0BA11FB9B26D0022F46E /* ChannelCell.swift */ = {isa = PBXFileReference; lastKnownFileType = sourcecode.swift; path = ChannelCell.swift; sourceTree = "<group>"; };
		B88A0BA31FB9C8520022F46E /* AddChannelVC.swift */ = {isa = PBXFileReference; lastKnownFileType = sourcecode.swift; path = AddChannelVC.swift; sourceTree = "<group>"; };
		B88A0BA41FB9C8520022F46E /* AddChannelVC.xib */ = {isa = PBXFileReference; lastKnownFileType = file.xib; path = AddChannelVC.xib; sourceTree = "<group>"; };
		B88A0BA71FB9D27E0022F46E /* SocketService.swift */ = {isa = PBXFileReference; lastKnownFileType = sourcecode.swift; path = SocketService.swift; sourceTree = "<group>"; };
		B891BD651FB8C95400F8DB5E /* MessageService.swift */ = {isa = PBXFileReference; lastKnownFileType = sourcecode.swift; path = MessageService.swift; sourceTree = "<group>"; };
		B891BD671FB8CA2000F8DB5E /* Channel.swift */ = {isa = PBXFileReference; lastKnownFileType = sourcecode.swift; path = Channel.swift; sourceTree = "<group>"; };
		B89704AA1FB4C8EB001589FA /* AuthServices.swift */ = {isa = PBXFileReference; lastKnownFileType = sourcecode.swift; path = AuthServices.swift; sourceTree = "<group>"; };
		B8EB6A151FB6FA4900ED166C /* UserDataService.swift */ = {isa = PBXFileReference; lastKnownFileType = sourcecode.swift; path = UserDataService.swift; sourceTree = "<group>"; };
		B8EB6A171FB7117100ED166C /* AvatarPickerVC.swift */ = {isa = PBXFileReference; lastKnownFileType = sourcecode.swift; path = AvatarPickerVC.swift; sourceTree = "<group>"; };
		B8EB6A191FB7162300ED166C /* AvatarCell.swift */ = {isa = PBXFileReference; lastKnownFileType = sourcecode.swift; path = AvatarCell.swift; sourceTree = "<group>"; };
		EDAC649C719886A36F18B96E /* Pods-Smack.release.xcconfig */ = {isa = PBXFileReference; includeInIndex = 1; lastKnownFileType = text.xcconfig; name = "Pods-Smack.release.xcconfig"; path = "Pods/Target Support Files/Pods-Smack/Pods-Smack.release.xcconfig"; sourceTree = "<group>"; };
		F5E1F8FD73DAD71600379AA6 /* Pods-Smack.debug.xcconfig */ = {isa = PBXFileReference; includeInIndex = 1; lastKnownFileType = text.xcconfig; name = "Pods-Smack.debug.xcconfig"; path = "Pods/Target Support Files/Pods-Smack/Pods-Smack.debug.xcconfig"; sourceTree = "<group>"; };
/* End PBXFileReference section */

/* Begin PBXFrameworksBuildPhase section */
		B86845B01FA732E600C395D2 /* Frameworks */ = {
			isa = PBXFrameworksBuildPhase;
			buildActionMask = 2147483647;
			files = (
				411572B49F336FE6434D50BB /* Pods_Smack.framework in Frameworks */,
			);
			runOnlyForDeploymentPostprocessing = 0;
		};
/* End PBXFrameworksBuildPhase section */

/* Begin PBXGroup section */
		22E33D56D9E75BDD20C623BD /* Frameworks */ = {
			isa = PBXGroup;
			children = (
				555EFBFBCA0DAF3F905AAB53 /* Pods_Smack.framework */,
			);
			name = Frameworks;
			sourceTree = "<group>";
		};
		B818E6AC1FA744D30056F470 /* Supporting Files */ = {
			isa = PBXGroup;
			children = (
				B818E6AF1FA745000056F470 /* SWRevealViewController.h */,
				B818E6AE1FA745000056F470 /* SWRevealViewController.m */,
				B818E6AD1FA744FF0056F470 /* Smack-Bridging-Header.h */,
			);
			path = "Supporting Files";
			sourceTree = "<group>";
		};
		B818E6B11FA748840056F470 /* Controller */ = {
			isa = PBXGroup;
			children = (
				B818E6B41FA748B60056F470 /* ChatVC.swift */,
				B818E6B61FA748CA0056F470 /* ChannelVC.swift */,
				B8590F061FA877DD00D02ED1 /* LoginVC.swift */,
				B8590F081FA879B100D02ED1 /* CreateAccountVC.swift */,
				B8EB6A171FB7117100ED166C /* AvatarPickerVC.swift */,
				B888D6561FB8474400605B12 /* ProfileVC.swift */,
				B88A0BA31FB9C8520022F46E /* AddChannelVC.swift */,
			);
			path = Controller;
			sourceTree = "<group>";
		};
		B818E6B21FA748910056F470 /* View */ = {
			isa = PBXGroup;
			children = (
				B83E3CDF1FBDD7AA00B20927 /* KeyboardBoundView.swift */,
				B8276DC31FA755EA00A76183 /* GradientView.swift */,
				B875A2471FB612DE00718ECF /* RoundedButton.swift */,
				B8EB6A191FB7162300ED166C /* AvatarCell.swift */,
				B80AC4681FB73DD3002C3CC7 /* CircleImage.swift */,
				B88A0BA11FB9B26D0022F46E /* ChannelCell.swift */,
			);
			path = View;
			sourceTree = "<group>";
		};
		B818E6B31FA748970056F470 /* Model */ = {
			isa = PBXGroup;
			children = (
				B891BD671FB8CA2000F8DB5E /* Channel.swift */,
				B83E3CDD1FBDC40500B20927 /* Message.swift */,
			);
			path = Model;
			sourceTree = "<group>";
		};
		B8590F031FA8737400D02ED1 /* Utilities */ = {
			isa = PBXGroup;
			children = (
				B8590F041FA8739200D02ED1 /* Constants.swift */,
			);
			path = Utilities;
			sourceTree = "<group>";
		};
		B86845AA1FA732E600C395D2 = {
			isa = PBXGroup;
			children = (
				B86845B51FA732E600C395D2 /* Smack */,
				B86845B41FA732E600C395D2 /* Products */,
				C54059F9F43BCC7518BAB343 /* Pods */,
				22E33D56D9E75BDD20C623BD /* Frameworks */,
			);
			sourceTree = "<group>";
		};
		B86845B41FA732E600C395D2 /* Products */ = {
			isa = PBXGroup;
			children = (
				B86845B31FA732E600C395D2 /* Smack.app */,
			);
			name = Products;
			sourceTree = "<group>";
		};
		B86845B51FA732E600C395D2 /* Smack */ = {
			isa = PBXGroup;
			children = (
				B888D65A1FB8476900605B12 /* XIBs */,
				B89704A91FB4C8B2001589FA /* Services */,
				B8590F031FA8737400D02ED1 /* Utilities */,
				B818E6B31FA748970056F470 /* Model */,
				B818E6B21FA748910056F470 /* View */,
				B818E6B11FA748840056F470 /* Controller */,
				B818E6AC1FA744D30056F470 /* Supporting Files */,
				B86845B61FA732E600C395D2 /* AppDelegate.swift */,
				B86845BA1FA732E600C395D2 /* Main.storyboard */,
				B86845BD1FA732E600C395D2 /* Assets.xcassets */,
				B86845BF1FA732E600C395D2 /* LaunchScreen.storyboard */,
				B86845C21FA732E600C395D2 /* Info.plist */,
			);
			path = Smack;
			sourceTree = "<group>";
		};
		B888D65A1FB8476900605B12 /* XIBs */ = {
			isa = PBXGroup;
			children = (
				B88A0BA41FB9C8520022F46E /* AddChannelVC.xib */,
				B888D6571FB8474400605B12 /* ProfileVC.xib */,
			);
			path = XIBs;
			sourceTree = "<group>";
		};
		B89704A91FB4C8B2001589FA /* Services */ = {
			isa = PBXGroup;
			children = (
				B8EB6A151FB6FA4900ED166C /* UserDataService.swift */,
				B89704AA1FB4C8EB001589FA /* AuthServices.swift */,
				B891BD651FB8C95400F8DB5E /* MessageService.swift */,
				B88A0BA71FB9D27E0022F46E /* SocketService.swift */,
			);
			path = Services;
			sourceTree = "<group>";
		};
		C54059F9F43BCC7518BAB343 /* Pods */ = {
			isa = PBXGroup;
			children = (
				F5E1F8FD73DAD71600379AA6 /* Pods-Smack.debug.xcconfig */,
				EDAC649C719886A36F18B96E /* Pods-Smack.release.xcconfig */,
			);
			name = Pods;
			sourceTree = "<group>";
		};
/* End PBXGroup section */

/* Begin PBXNativeTarget section */
		B86845B21FA732E600C395D2 /* Smack */ = {
			isa = PBXNativeTarget;
			buildConfigurationList = B86845C51FA732E600C395D2 /* Build configuration list for PBXNativeTarget "Smack" */;
			buildPhases = (
				037350CC1CE29AC30FBEB175 /* [CP] Check Pods Manifest.lock */,
				B86845AF1FA732E600C395D2 /* Sources */,
				B86845B01FA732E600C395D2 /* Frameworks */,
				B86845B11FA732E600C395D2 /* Resources */,
				5EF9C2D8B024BCE7C4CF56AF /* [CP] Embed Pods Frameworks */,
				9793A0A5F36005ACA623691D /* [CP] Copy Pods Resources */,
			);
			buildRules = (
			);
			dependencies = (
			);
			name = Smack;
			productName = Smack;
			productReference = B86845B31FA732E600C395D2 /* Smack.app */;
			productType = "com.apple.product-type.application";
		};
/* End PBXNativeTarget section */

/* Begin PBXProject section */
		B86845AB1FA732E600C395D2 /* Project object */ = {
			isa = PBXProject;
			attributes = {
				LastSwiftUpdateCheck = 0900;
				LastUpgradeCheck = 0900;
				ORGANIZATIONNAME = "Yaroslav Satsyuk";
				TargetAttributes = {
					B86845B21FA732E600C395D2 = {
						CreatedOnToolsVersion = 9.0.1;
						LastSwiftMigration = 0900;
						ProvisioningStyle = Automatic;
					};
				};
			};
			buildConfigurationList = B86845AE1FA732E600C395D2 /* Build configuration list for PBXProject "Smack" */;
			compatibilityVersion = "Xcode 8.0";
			developmentRegion = en;
			hasScannedForEncodings = 0;
			knownRegions = (
				en,
				Base,
			);
			mainGroup = B86845AA1FA732E600C395D2;
			productRefGroup = B86845B41FA732E600C395D2 /* Products */;
			projectDirPath = "";
			projectRoot = "";
			targets = (
				B86845B21FA732E600C395D2 /* Smack */,
			);
		};
/* End PBXProject section */

/* Begin PBXResourcesBuildPhase section */
		B86845B11FA732E600C395D2 /* Resources */ = {
			isa = PBXResourcesBuildPhase;
			buildActionMask = 2147483647;
			files = (
				B88A0BA61FB9C8520022F46E /* AddChannelVC.xib in Resources */,
				B888D6591FB8474400605B12 /* ProfileVC.xib in Resources */,
				B86845C11FA732E600C395D2 /* LaunchScreen.storyboard in Resources */,
				B86845BE1FA732E600C395D2 /* Assets.xcassets in Resources */,
				B86845BC1FA732E600C395D2 /* Main.storyboard in Resources */,
			);
			runOnlyForDeploymentPostprocessing = 0;
		};
/* End PBXResourcesBuildPhase section */

/* Begin PBXShellScriptBuildPhase section */
		037350CC1CE29AC30FBEB175 /* [CP] Check Pods Manifest.lock */ = {
			isa = PBXShellScriptBuildPhase;
			buildActionMask = 2147483647;
			files = (
			);
			inputPaths = (
			);
			name = "[CP] Check Pods Manifest.lock";
			outputPaths = (
			);
			runOnlyForDeploymentPostprocessing = 0;
			shellPath = /bin/sh;
			shellScript = "diff \"${PODS_ROOT}/../Podfile.lock\" \"${PODS_ROOT}/Manifest.lock\" > /dev/null\nif [ $? != 0 ] ; then\n    # print error to STDERR\n    echo \"error: The sandbox is not in sync with the Podfile.lock. Run 'pod install' or update your CocoaPods installation.\" >&2\n    exit 1\nfi\n";
			showEnvVarsInLog = 0;
		};
		5EF9C2D8B024BCE7C4CF56AF /* [CP] Embed Pods Frameworks */ = {
			isa = PBXShellScriptBuildPhase;
			buildActionMask = 2147483647;
			files = (
			);
			inputPaths = (
			);
			name = "[CP] Embed Pods Frameworks";
			outputPaths = (
			);
			runOnlyForDeploymentPostprocessing = 0;
			shellPath = /bin/sh;
			shellScript = "\"${SRCROOT}/Pods/Target Support Files/Pods-Smack/Pods-Smack-frameworks.sh\"\n";
			showEnvVarsInLog = 0;
		};
		9793A0A5F36005ACA623691D /* [CP] Copy Pods Resources */ = {
			isa = PBXShellScriptBuildPhase;
			buildActionMask = 2147483647;
			files = (
			);
			inputPaths = (
			);
			name = "[CP] Copy Pods Resources";
			outputPaths = (
			);
			runOnlyForDeploymentPostprocessing = 0;
			shellPath = /bin/sh;
			shellScript = "\"${SRCROOT}/Pods/Target Support Files/Pods-Smack/Pods-Smack-resources.sh\"\n";
			showEnvVarsInLog = 0;
		};
/* End PBXShellScriptBuildPhase section */

/* Begin PBXSourcesBuildPhase section */
		B86845AF1FA732E600C395D2 /* Sources */ = {
			isa = PBXSourcesBuildPhase;
			buildActionMask = 2147483647;
			files = (
				B83E3CE01FBDD7AA00B20927 /* KeyboardBoundView.swift in Sources */,
				B88A0BA81FB9D27E0022F46E /* SocketService.swift in Sources */,
				B888D6581FB8474400605B12 /* ProfileVC.swift in Sources */,
				B88A0BA21FB9B26D0022F46E /* ChannelCell.swift in Sources */,
				B818E6B71FA748CA0056F470 /* ChannelVC.swift in Sources */,
				B8EB6A181FB7117100ED166C /* AvatarPickerVC.swift in Sources */,
				B875A2481FB612DE00718ECF /* RoundedButton.swift in Sources */,
				B83E3CDE1FBDC40500B20927 /* Message.swift in Sources */,
				B891BD681FB8CA2000F8DB5E /* Channel.swift in Sources */,
				B80AC4691FB73DD3002C3CC7 /* CircleImage.swift in Sources */,
				B891BD661FB8C95400F8DB5E /* MessageService.swift in Sources */,
				B818E6B51FA748B60056F470 /* ChatVC.swift in Sources */,
				B8EB6A161FB6FA4900ED166C /* UserDataService.swift in Sources */,
				B8590F091FA879B100D02ED1 /* CreateAccountVC.swift in Sources */,
				B8590F071FA877DD00D02ED1 /* LoginVC.swift in Sources */,
				B8276DC41FA755EA00A76183 /* GradientView.swift in Sources */,
				B88A0BA51FB9C8520022F46E /* AddChannelVC.swift in Sources */,
				B86845B71FA732E600C395D2 /* AppDelegate.swift in Sources */,
				B8EB6A1A1FB7162300ED166C /* AvatarCell.swift in Sources */,
				B89704AB1FB4C8EB001589FA /* AuthServices.swift in Sources */,
				B818E6B01FA745000056F470 /* SWRevealViewController.m in Sources */,
				B8590F051FA8739200D02ED1 /* Constants.swift in Sources */,
			);
			runOnlyForDeploymentPostprocessing = 0;
		};
/* End PBXSourcesBuildPhase section */

/* Begin PBXVariantGroup section */
		B86845BA1FA732E600C395D2 /* Main.storyboard */ = {
			isa = PBXVariantGroup;
			children = (
				B86845BB1FA732E600C395D2 /* Base */,
			);
			name = Main.storyboard;
			sourceTree = "<group>";
		};
		B86845BF1FA732E600C395D2 /* LaunchScreen.storyboard */ = {
			isa = PBXVariantGroup;
			children = (
				B86845C01FA732E600C395D2 /* Base */,
			);
			name = LaunchScreen.storyboard;
			sourceTree = "<group>";
		};
/* End PBXVariantGroup section */

/* Begin XCBuildConfiguration section */
		B86845C31FA732E600C395D2 /* Debug */ = {
			isa = XCBuildConfiguration;
			buildSettings = {
				ALWAYS_SEARCH_USER_PATHS = NO;
				CLANG_ANALYZER_NONNULL = YES;
				CLANG_ANALYZER_NUMBER_OBJECT_CONVERSION = YES_AGGRESSIVE;
				CLANG_CXX_LANGUAGE_STANDARD = "gnu++14";
				CLANG_CXX_LIBRARY = "libc++";
				CLANG_ENABLE_MODULES = YES;
				CLANG_ENABLE_OBJC_ARC = YES;
				CLANG_WARN_BLOCK_CAPTURE_AUTORELEASING = YES;
				CLANG_WARN_BOOL_CONVERSION = YES;
				CLANG_WARN_COMMA = YES;
				CLANG_WARN_CONSTANT_CONVERSION = YES;
				CLANG_WARN_DIRECT_OBJC_ISA_USAGE = YES_ERROR;
				CLANG_WARN_DOCUMENTATION_COMMENTS = YES;
				CLANG_WARN_EMPTY_BODY = YES;
				CLANG_WARN_ENUM_CONVERSION = YES;
				CLANG_WARN_INFINITE_RECURSION = YES;
				CLANG_WARN_INT_CONVERSION = YES;
				CLANG_WARN_NON_LITERAL_NULL_CONVERSION = YES;
				CLANG_WARN_OBJC_LITERAL_CONVERSION = YES;
				CLANG_WARN_OBJC_ROOT_CLASS = YES_ERROR;
				CLANG_WARN_RANGE_LOOP_ANALYSIS = YES;
				CLANG_WARN_STRICT_PROTOTYPES = YES;
				CLANG_WARN_SUSPICIOUS_MOVE = YES;
				CLANG_WARN_UNGUARDED_AVAILABILITY = YES_AGGRESSIVE;
				CLANG_WARN_UNREACHABLE_CODE = YES;
				CLANG_WARN__DUPLICATE_METHOD_MATCH = YES;
				CODE_SIGN_IDENTITY = "iPhone Developer";
				COPY_PHASE_STRIP = NO;
				DEBUG_INFORMATION_FORMAT = dwarf;
				ENABLE_STRICT_OBJC_MSGSEND = YES;
				ENABLE_TESTABILITY = YES;
				GCC_C_LANGUAGE_STANDARD = gnu11;
				GCC_DYNAMIC_NO_PIC = NO;
				GCC_NO_COMMON_BLOCKS = YES;
				GCC_OPTIMIZATION_LEVEL = 0;
				GCC_PREPROCESSOR_DEFINITIONS = (
					"DEBUG=1",
					"$(inherited)",
				);
				GCC_WARN_64_TO_32_BIT_CONVERSION = YES;
				GCC_WARN_ABOUT_RETURN_TYPE = YES_ERROR;
				GCC_WARN_UNDECLARED_SELECTOR = YES;
				GCC_WARN_UNINITIALIZED_AUTOS = YES_AGGRESSIVE;
				GCC_WARN_UNUSED_FUNCTION = YES;
				GCC_WARN_UNUSED_VARIABLE = YES;
				IPHONEOS_DEPLOYMENT_TARGET = 11.0;
				MTL_ENABLE_DEBUG_INFO = YES;
				ONLY_ACTIVE_ARCH = YES;
				SDKROOT = iphoneos;
				SWIFT_ACTIVE_COMPILATION_CONDITIONS = DEBUG;
				SWIFT_OPTIMIZATION_LEVEL = "-Onone";
			};
			name = Debug;
		};
		B86845C41FA732E600C395D2 /* Release */ = {
			isa = XCBuildConfiguration;
			buildSettings = {
				ALWAYS_SEARCH_USER_PATHS = NO;
				CLANG_ANALYZER_NONNULL = YES;
				CLANG_ANALYZER_NUMBER_OBJECT_CONVERSION = YES_AGGRESSIVE;
				CLANG_CXX_LANGUAGE_STANDARD = "gnu++14";
				CLANG_CXX_LIBRARY = "libc++";
				CLANG_ENABLE_MODULES = YES;
				CLANG_ENABLE_OBJC_ARC = YES;
				CLANG_WARN_BLOCK_CAPTURE_AUTORELEASING = YES;
				CLANG_WARN_BOOL_CONVERSION = YES;
				CLANG_WARN_COMMA = YES;
				CLANG_WARN_CONSTANT_CONVERSION = YES;
				CLANG_WARN_DIRECT_OBJC_ISA_USAGE = YES_ERROR;
				CLANG_WARN_DOCUMENTATION_COMMENTS = YES;
				CLANG_WARN_EMPTY_BODY = YES;
				CLANG_WARN_ENUM_CONVERSION = YES;
				CLANG_WARN_INFINITE_RECURSION = YES;
				CLANG_WARN_INT_CONVERSION = YES;
				CLANG_WARN_NON_LITERAL_NULL_CONVERSION = YES;
				CLANG_WARN_OBJC_LITERAL_CONVERSION = YES;
				CLANG_WARN_OBJC_ROOT_CLASS = YES_ERROR;
				CLANG_WARN_RANGE_LOOP_ANALYSIS = YES;
				CLANG_WARN_STRICT_PROTOTYPES = YES;
				CLANG_WARN_SUSPICIOUS_MOVE = YES;
				CLANG_WARN_UNGUARDED_AVAILABILITY = YES_AGGRESSIVE;
				CLANG_WARN_UNREACHABLE_CODE = YES;
				CLANG_WARN__DUPLICATE_METHOD_MATCH = YES;
				CODE_SIGN_IDENTITY = "iPhone Developer";
				COPY_PHASE_STRIP = NO;
				DEBUG_INFORMATION_FORMAT = "dwarf-with-dsym";
				ENABLE_NS_ASSERTIONS = NO;
				ENABLE_STRICT_OBJC_MSGSEND = YES;
				GCC_C_LANGUAGE_STANDARD = gnu11;
				GCC_NO_COMMON_BLOCKS = YES;
				GCC_WARN_64_TO_32_BIT_CONVERSION = YES;
				GCC_WARN_ABOUT_RETURN_TYPE = YES_ERROR;
				GCC_WARN_UNDECLARED_SELECTOR = YES;
				GCC_WARN_UNINITIALIZED_AUTOS = YES_AGGRESSIVE;
				GCC_WARN_UNUSED_FUNCTION = YES;
				GCC_WARN_UNUSED_VARIABLE = YES;
				IPHONEOS_DEPLOYMENT_TARGET = 11.0;
				MTL_ENABLE_DEBUG_INFO = NO;
				SDKROOT = iphoneos;
				SWIFT_OPTIMIZATION_LEVEL = "-Owholemodule";
				VALIDATE_PRODUCT = YES;
			};
			name = Release;
		};
		B86845C61FA732E600C395D2 /* Debug */ = {
			isa = XCBuildConfiguration;
			baseConfigurationReference = F5E1F8FD73DAD71600379AA6 /* Pods-Smack.debug.xcconfig */;
			buildSettings = {
				ASSETCATALOG_COMPILER_APPICON_NAME = AppIcon;
				CLANG_ENABLE_MODULES = YES;
				CODE_SIGN_STYLE = Automatic;
				DEVELOPMENT_TEAM = HPQY45969Y;
				INFOPLIST_FILE = Smack/Info.plist;
				LD_RUNPATH_SEARCH_PATHS = "$(inherited) @executable_path/Frameworks";
				PRODUCT_BUNDLE_IDENTIFIER = yaroslav.satsyuk.Smack;
				PRODUCT_NAME = "$(TARGET_NAME)";
				SWIFT_OBJC_BRIDGING_HEADER = "Smack/Supporting Files/Smack-Bridging-Header.h";
				SWIFT_OPTIMIZATION_LEVEL = "-Onone";
				SWIFT_VERSION = 4.0;
				TARGETED_DEVICE_FAMILY = "1,2";
			};
			name = Debug;
		};
		B86845C71FA732E600C395D2 /* Release */ = {
			isa = XCBuildConfiguration;
			baseConfigurationReference = EDAC649C719886A36F18B96E /* Pods-Smack.release.xcconfig */;
			buildSettings = {
				ASSETCATALOG_COMPILER_APPICON_NAME = AppIcon;
				CLANG_ENABLE_MODULES = YES;
				CODE_SIGN_STYLE = Automatic;
				DEVELOPMENT_TEAM = HPQY45969Y;
				INFOPLIST_FILE = Smack/Info.plist;
				LD_RUNPATH_SEARCH_PATHS = "$(inherited) @executable_path/Frameworks";
				PRODUCT_BUNDLE_IDENTIFIER = yaroslav.satsyuk.Smack;
				PRODUCT_NAME = "$(TARGET_NAME)";
				SWIFT_OBJC_BRIDGING_HEADER = "Smack/Supporting Files/Smack-Bridging-Header.h";
				SWIFT_VERSION = 4.0;
				TARGETED_DEVICE_FAMILY = "1,2";
			};
			name = Release;
		};
/* End XCBuildConfiguration section */

/* Begin XCConfigurationList section */
		B86845AE1FA732E600C395D2 /* Build configuration list for PBXProject "Smack" */ = {
			isa = XCConfigurationList;
			buildConfigurations = (
				B86845C31FA732E600C395D2 /* Debug */,
				B86845C41FA732E600C395D2 /* Release */,
			);
			defaultConfigurationIsVisible = 0;
			defaultConfigurationName = Release;
		};
		B86845C51FA732E600C395D2 /* Build configuration list for PBXNativeTarget "Smack" */ = {
			isa = XCConfigurationList;
			buildConfigurations = (
				B86845C61FA732E600C395D2 /* Debug */,
				B86845C71FA732E600C395D2 /* Release */,
			);
			defaultConfigurationIsVisible = 0;
			defaultConfigurationName = Release;
		};
/* End XCConfigurationList section */
	};
	rootObject = B86845AB1FA732E600C395D2 /* Project object */;
}
